{
  "nodes": {
    "fenix": {
      "inputs": {
        "nixpkgs": [
          "nixpkgs"
        ],
        "rust-analyzer-src": "rust-analyzer-src"
      },
      "locked": {
        "lastModified": 1724567349,
        "narHash": "sha256-w2G1EJlGvgRSC1OAm2147mCzlt6ZOWIiqX/TSJUgrGE=",
        "owner": "nix-community",
        "repo": "fenix",
        "rev": "71fe264f6e208831aa0e7e54ad557a283c375014",
        "type": "github"
      },
      "original": {
        "owner": "nix-community",
        "repo": "fenix",
        "type": "github"
      }
    },
    "nixpkgs": {
      "locked": {
        "lastModified": 1724015816,
        "narHash": "sha256-hVESnM7Eiz93+4DeiE0a1TwMeaeph1ytRJ5QtqxYRWg=",
        "path": "/nix/store/d87mpjlsl8flcgazpjnhimq21y46a3g4-source",
        "rev": "9aa35efbea27d320d0cdc5f922f0890812affb60",
        "type": "path"
      },
      "original": {
        "id": "nixpkgs",
        "type": "indirect"
      }
    },
    "root": {
      "inputs": {
        "fenix": "fenix",
        "nixpkgs": "nixpkgs"
      }
    },
    "rust-analyzer-src": {
      "flake": false,
      "locked": {
        "lastModified": 1724480527,
        "narHash": "sha256-C+roFDGk6Bn/C58NGpyt7cneLCetdRMUfFTkm3O4zWM=",
        "owner": "rust-lang",
        "repo": "rust-analyzer",
        "rev": "74a6427861eb8d1e3b7c6090b2c2890ff4c53e0e",
        "type": "github"
      },
      "original": {
        "owner": "rust-lang",
        "ref": "nightly",
        "repo": "rust-analyzer",
        "type": "github"
      }
    }
  },
  "root": "root",
  "version": 7
}
